
Microsoft Visual Studio Solution File, Format Version 12.00
# Visual Studio Version 17
VisualStudioVersion = 17.11.35303.130
MinimumVisualStudioVersion = 10.0.40219.1
Project("{FAE04EC0-301F-11D3-BF4B-00C04F79EFBC}") = "IoT", "IoT\IoT.csproj", "{79EEE9DB-4008-44B3-9495-B7D58CF70850}"
EndProject
Global
	GlobalSection(SolutionConfigurationPlatforms) = preSolution
		Debug|Any CPU = Debug|Any CPU
		Release|Any CPU = Release|Any CPU
	EndGlobalSection
	GlobalSection(ProjectConfigurationPlatforms) = postSolution
		{79EEE9DB-4008-44B3-9495-B7D58CF70850}.Debug|Any CPU.ActiveCfg = Debug|Any CPU
		{79EEE9DB-4008-44B3-9495-B7D58CF70850}.Debug|Any CPU.Build.0 = Debug|Any CPU
		{79EEE9DB-4008-44B3-9495-B7D58CF70850}.Release|Any CPU.ActiveCfg = Release|Any CPU
		{79EEE9DB-4008-44B3-9495-B7D58CF70850}.Release|Any CPU.Build.0 = Release|Any CPU
	EndGlobalSection
	GlobalSection(SolutionProperties) = preSolution
		HideSolutionNode = FALSE
	EndGlobalSection
	GlobalSection(ExtensibilityGlobals) = postSolution
		SolutionGuid = {497A43CA-4D51-4446-916F-C7F82E63722B}
	EndGlobalSection
EndGlobal
