
Microsoft Visual Studio Solution File, Format Version 12.00
# Visual Studio Version 17
VisualStudioVersion = 17.11.35303.130
MinimumVisualStudioVersion = 10.0.40219.1
Project("{FAE04EC0-301F-11D3-BF4B-00C04F79EFBC}") = "Test", "Test\Test.csproj", "{4207532E-13DE-417E-BE88-C19DBF3BD689}"
EndProject
Global
	GlobalSection(SolutionConfigurationPlatforms) = preSolution
		Debug|Any CPU = Debug|Any CPU
		Release|Any CPU = Release|Any CPU
	EndGlobalSection
	GlobalSection(ProjectConfigurationPlatforms) = postSolution
		{4207532E-13DE-417E-BE88-C19DBF3BD689}.Debug|Any CPU.ActiveCfg = Debug|Any CPU
		{4207532E-13DE-417E-BE88-C19DBF3BD689}.Debug|Any CPU.Build.0 = Debug|Any CPU
		{4207532E-13DE-417E-BE88-C19DBF3BD689}.Release|Any CPU.ActiveCfg = Release|Any CPU
		{4207532E-13DE-417E-BE88-C19DBF3BD689}.Release|Any CPU.Build.0 = Release|Any CPU
	EndGlobalSection
	GlobalSection(SolutionProperties) = preSolution
		HideSolutionNode = FALSE
	EndGlobalSection
	GlobalSection(ExtensibilityGlobals) = postSolution
		SolutionGuid = {404973B4-B94C-4DD3-AA41-6633C9DAF123}
	EndGlobalSection
EndGlobal
