
Microsoft Visual Studio Solution File, Format Version 12.00
# Visual Studio Version 17
VisualStudioVersion = 17.10.35027.167
MinimumVisualStudioVersion = 10.0.40219.1
Project("{FAE04EC0-301F-11D3-BF4B-00C04F79EFBC}") = "bai2", "bai2\bai2.csproj", "{59ACCAF3-9B75-4296-A6F0-5039F94DF5D4}"
EndProject
Project("{2150E333-8FDC-42A3-9474-1A3956D46DE8}") = "Solution Items", "Solution Items", "{AD8CF474-4720-4785-827F-5E5B4563C790}"
	ProjectSection(SolutionItems) = preProject
		form1.cs = form1.cs
	EndProjectSection
EndProject
Global
	GlobalSection(SolutionConfigurationPlatforms) = preSolution
		Debug|Any CPU = Debug|Any CPU
		Release|Any CPU = Release|Any CPU
	EndGlobalSection
	GlobalSection(ProjectConfigurationPlatforms) = postSolution
		{59ACCAF3-9B75-4296-A6F0-5039F94DF5D4}.Debug|Any CPU.ActiveCfg = Debug|Any CPU
		{59ACCAF3-9B75-4296-A6F0-5039F94DF5D4}.Debug|Any CPU.Build.0 = Debug|Any CPU
		{59ACCAF3-9B75-4296-A6F0-5039F94DF5D4}.Release|Any CPU.ActiveCfg = Release|Any CPU
		{59ACCAF3-9B75-4296-A6F0-5039F94DF5D4}.Release|Any CPU.Build.0 = Release|Any CPU
	EndGlobalSection
	GlobalSection(SolutionProperties) = preSolution
		HideSolutionNode = FALSE
	EndGlobalSection
	GlobalSection(ExtensibilityGlobals) = postSolution
		SolutionGuid = {B3AD50F3-C3B4-427F-B74F-0DD91AB3A18F}
	EndGlobalSection
EndGlobal
